
Microsoft Visual Studio Solution File, Format Version 12.00
# Visual Studio Version 17
VisualStudioVersion = 17.2.32616.157
MinimumVisualStudioVersion = 10.0.40219.1
Project("{9A19103F-16F7-4668-BE54-9A1E7A4F7556}") = "SLI.API", "SLI.API.csproj", "{1701FB5A-AA88-4435-AC22-666E0F9DC0AF}"
EndProject
Global
	GlobalSection(SolutionConfigurationPlatforms) = preSolution
		Debug|Any CPU = Debug|Any CPU
		Release|Any CPU = Release|Any CPU
	EndGlobalSection
	GlobalSection(ProjectConfigurationPlatforms) = postSolution
		{1701FB5A-AA88-4435-AC22-666E0F9DC0AF}.Debug|Any CPU.ActiveCfg = Debug|Any CPU
		{1701FB5A-AA88-4435-AC22-666E0F9DC0AF}.Debug|Any CPU.Build.0 = Debug|Any CPU
		{1701FB5A-AA88-4435-AC22-666E0F9DC0AF}.Release|Any CPU.ActiveCfg = Release|Any CPU
		{1701FB5A-AA88-4435-AC22-666E0F9DC0AF}.Release|Any CPU.Build.0 = Release|Any CPU
	EndGlobalSection
	GlobalSection(SolutionProperties) = preSolution
		HideSolutionNode = FALSE
	EndGlobalSection
	GlobalSection(ExtensibilityGlobals) = postSolution
		SolutionGuid = {AE6F9D16-27A4-4FD1-AB14-0E2DCD00632D}
	EndGlobalSection
EndGlobal
